
Microsoft Visual Studio Solution File, Format Version 12.00
# Visual Studio Version 17
VisualStudioVersion = 17.4.33205.214
MinimumVisualStudioVersion = 10.0.40219.1
Project("{2150E333-8FDC-42A3-9474-1A3956D46DE8}") = "FrontEnd", "FrontEnd", "{D796C4CB-0AA8-48BC-9BB0-525805B70B4B}"
EndProject
Project("{9A19103F-16F7-4668-BE54-9A1E7A4F7556}") = "Mango.Web", "Mango.Web\Mango.Web.csproj", "{A32A2EBF-F742-4081-B292-DA8DE485D62E}"
EndProject
Project("{2150E333-8FDC-42A3-9474-1A3956D46DE8}") = "Services", "Services", "{71BA42F4-FB7B-40A5-B46F-50B8A58A66AC}"
EndProject
Project("{9A19103F-16F7-4668-BE54-9A1E7A4F7556}") = "Mango.Services.ProductAPI", "Mango.Services.ProductAPI\Mango.Services.ProductAPI.csproj", "{F392D316-48C2-4A3A-836C-DE9F05533520}"
EndProject
Project("{9A19103F-16F7-4668-BE54-9A1E7A4F7556}") = "Mango.Services.Identity", "Mango.Services.Identity\Mango.Services.Identity.csproj", "{76ABDF2B-DAA7-46F5-A389-A4431D475A7C}"
EndProject
Project("{9A19103F-16F7-4668-BE54-9A1E7A4F7556}") = "Mango.Services.ShoppingCartAPI", "Mango.Services.ShoppingCartAPI\Mango.Services.ShoppingCartAPI.csproj", "{35B25ABA-D111-428D-99F8-43DCA689D2A8}"
EndProject
Project("{9A19103F-16F7-4668-BE54-9A1E7A4F7556}") = "Mango.Services.CouponAPI", "Mango.Services.CouponAPI\Mango.Services.CouponAPI.csproj", "{6586774B-9062-4310-94D6-6FDF009FE5FA}"
EndProject
Project("{2150E333-8FDC-42A3-9474-1A3956D46DE8}") = "Integration", "Integration", "{E2100376-1C6D-438B-9977-7B149A0C32B0}"
EndProject
Project("{FAE04EC0-301F-11D3-BF4B-00C04F79EFBC}") = "Mango.MessageBus", "Mango.MessageBus\Mango.MessageBus.csproj", "{1925F6D8-D9AF-450A-B25A-CA6BAB04B68A}"
EndProject
Project("{FAE04EC0-301F-11D3-BF4B-00C04F79EFBC}") = "Mango.Services.OrderAPI", "Mango.Services.OrderAPI\Mango.Services.OrderAPI.csproj", "{4DA6B4C7-43D4-48DB-B71D-860AF49D5017}"
EndProject
Project("{2150E333-8FDC-42A3-9474-1A3956D46DE8}") = "Payments", "Payments", "{D470BF64-397E-4530-99C0-480EC533050E}"
EndProject
Project("{FAE04EC0-301F-11D3-BF4B-00C04F79EFBC}") = "PaymentProcessor", "PaymentProcessor\PaymentProcessor.csproj", "{5FD17B3F-35DF-4847-B98F-27FB3BC83257}"
EndProject
Project("{FAE04EC0-301F-11D3-BF4B-00C04F79EFBC}") = "Mango.Services.PaymentAPI", "Mango.Services.PaymentAPI\Mango.Services.PaymentAPI.csproj", "{48FD1940-5783-417C-B05E-CB81165F63F1}"
EndProject
Project("{FAE04EC0-301F-11D3-BF4B-00C04F79EFBC}") = "Mango.Services.Email", "Mango.Services.Email\Mango.Services.Email.csproj", "{A4B2E6C8-DDD2-464C-8110-771A762CDF00}"
EndProject
Project("{2150E333-8FDC-42A3-9474-1A3956D46DE8}") = "Gateway", "Gateway", "{15C5BF23-5ED6-442B-90CF-84F67EF9B8DB}"
EndProject
Project("{FAE04EC0-301F-11D3-BF4B-00C04F79EFBC}") = "Mango.GatewaySolution", "Mango.GatewaySolution\Mango.GatewaySolution.csproj", "{4CB2E146-11E3-4012-BC2B-D62B2E19F743}"
EndProject
Global
	GlobalSection(SolutionConfigurationPlatforms) = preSolution
		Debug|Any CPU = Debug|Any CPU
		Release|Any CPU = Release|Any CPU
	EndGlobalSection
	GlobalSection(ProjectConfigurationPlatforms) = postSolution
		{A32A2EBF-F742-4081-B292-DA8DE485D62E}.Debug|Any CPU.ActiveCfg = Debug|Any CPU
		{A32A2EBF-F742-4081-B292-DA8DE485D62E}.Debug|Any CPU.Build.0 = Debug|Any CPU
		{A32A2EBF-F742-4081-B292-DA8DE485D62E}.Release|Any CPU.ActiveCfg = Release|Any CPU
		{A32A2EBF-F742-4081-B292-DA8DE485D62E}.Release|Any CPU.Build.0 = Release|Any CPU
		{F392D316-48C2-4A3A-836C-DE9F05533520}.Debug|Any CPU.ActiveCfg = Debug|Any CPU
		{F392D316-48C2-4A3A-836C-DE9F05533520}.Debug|Any CPU.Build.0 = Debug|Any CPU
		{F392D316-48C2-4A3A-836C-DE9F05533520}.Release|Any CPU.ActiveCfg = Release|Any CPU
		{F392D316-48C2-4A3A-836C-DE9F05533520}.Release|Any CPU.Build.0 = Release|Any CPU
		{76ABDF2B-DAA7-46F5-A389-A4431D475A7C}.Debug|Any CPU.ActiveCfg = Debug|Any CPU
		{76ABDF2B-DAA7-46F5-A389-A4431D475A7C}.Debug|Any CPU.Build.0 = Debug|Any CPU
		{76ABDF2B-DAA7-46F5-A389-A4431D475A7C}.Release|Any CPU.ActiveCfg = Release|Any CPU
		{76ABDF2B-DAA7-46F5-A389-A4431D475A7C}.Release|Any CPU.Build.0 = Release|Any CPU
		{35B25ABA-D111-428D-99F8-43DCA689D2A8}.Debug|Any CPU.ActiveCfg = Debug|Any CPU
		{35B25ABA-D111-428D-99F8-43DCA689D2A8}.Debug|Any CPU.Build.0 = Debug|Any CPU
		{35B25ABA-D111-428D-99F8-43DCA689D2A8}.Release|Any CPU.ActiveCfg = Release|Any CPU
		{35B25ABA-D111-428D-99F8-43DCA689D2A8}.Release|Any CPU.Build.0 = Release|Any CPU
		{6586774B-9062-4310-94D6-6FDF009FE5FA}.Debug|Any CPU.ActiveCfg = Debug|Any CPU
		{6586774B-9062-4310-94D6-6FDF009FE5FA}.Debug|Any CPU.Build.0 = Debug|Any CPU
		{6586774B-9062-4310-94D6-6FDF009FE5FA}.Release|Any CPU.ActiveCfg = Release|Any CPU
		{6586774B-9062-4310-94D6-6FDF009FE5FA}.Release|Any CPU.Build.0 = Release|Any CPU
		{1925F6D8-D9AF-450A-B25A-CA6BAB04B68A}.Debug|Any CPU.ActiveCfg = Debug|Any CPU
		{1925F6D8-D9AF-450A-B25A-CA6BAB04B68A}.Debug|Any CPU.Build.0 = Debug|Any CPU
		{1925F6D8-D9AF-450A-B25A-CA6BAB04B68A}.Release|Any CPU.ActiveCfg = Release|Any CPU
		{1925F6D8-D9AF-450A-B25A-CA6BAB04B68A}.Release|Any CPU.Build.0 = Release|Any CPU
		{4DA6B4C7-43D4-48DB-B71D-860AF49D5017}.Debug|Any CPU.ActiveCfg = Debug|Any CPU
		{4DA6B4C7-43D4-48DB-B71D-860AF49D5017}.Debug|Any CPU.Build.0 = Debug|Any CPU
		{4DA6B4C7-43D4-48DB-B71D-860AF49D5017}.Release|Any CPU.ActiveCfg = Release|Any CPU
		{4DA6B4C7-43D4-48DB-B71D-860AF49D5017}.Release|Any CPU.Build.0 = Release|Any CPU
		{5FD17B3F-35DF-4847-B98F-27FB3BC83257}.Debug|Any CPU.ActiveCfg = Debug|Any CPU
		{5FD17B3F-35DF-4847-B98F-27FB3BC83257}.Debug|Any CPU.Build.0 = Debug|Any CPU
		{5FD17B3F-35DF-4847-B98F-27FB3BC83257}.Release|Any CPU.ActiveCfg = Release|Any CPU
		{5FD17B3F-35DF-4847-B98F-27FB3BC83257}.Release|Any CPU.Build.0 = Release|Any CPU
		{48FD1940-5783-417C-B05E-CB81165F63F1}.Debug|Any CPU.ActiveCfg = Debug|Any CPU
		{48FD1940-5783-417C-B05E-CB81165F63F1}.Debug|Any CPU.Build.0 = Debug|Any CPU
		{48FD1940-5783-417C-B05E-CB81165F63F1}.Release|Any CPU.ActiveCfg = Release|Any CPU
		{48FD1940-5783-417C-B05E-CB81165F63F1}.Release|Any CPU.Build.0 = Release|Any CPU
		{A4B2E6C8-DDD2-464C-8110-771A762CDF00}.Debug|Any CPU.ActiveCfg = Debug|Any CPU
		{A4B2E6C8-DDD2-464C-8110-771A762CDF00}.Debug|Any CPU.Build.0 = Debug|Any CPU
		{A4B2E6C8-DDD2-464C-8110-771A762CDF00}.Release|Any CPU.ActiveCfg = Release|Any CPU
		{A4B2E6C8-DDD2-464C-8110-771A762CDF00}.Release|Any CPU.Build.0 = Release|Any CPU
		{4CB2E146-11E3-4012-BC2B-D62B2E19F743}.Debug|Any CPU.ActiveCfg = Debug|Any CPU
		{4CB2E146-11E3-4012-BC2B-D62B2E19F743}.Debug|Any CPU.Build.0 = Debug|Any CPU
		{4CB2E146-11E3-4012-BC2B-D62B2E19F743}.Release|Any CPU.ActiveCfg = Release|Any CPU
		{4CB2E146-11E3-4012-BC2B-D62B2E19F743}.Release|Any CPU.Build.0 = Release|Any CPU
	EndGlobalSection
	GlobalSection(SolutionProperties) = preSolution
		HideSolutionNode = FALSE
	EndGlobalSection
	GlobalSection(NestedProjects) = preSolution
		{A32A2EBF-F742-4081-B292-DA8DE485D62E} = {D796C4CB-0AA8-48BC-9BB0-525805B70B4B}
		{F392D316-48C2-4A3A-836C-DE9F05533520} = {71BA42F4-FB7B-40A5-B46F-50B8A58A66AC}
		{76ABDF2B-DAA7-46F5-A389-A4431D475A7C} = {71BA42F4-FB7B-40A5-B46F-50B8A58A66AC}
		{35B25ABA-D111-428D-99F8-43DCA689D2A8} = {71BA42F4-FB7B-40A5-B46F-50B8A58A66AC}
		{6586774B-9062-4310-94D6-6FDF009FE5FA} = {71BA42F4-FB7B-40A5-B46F-50B8A58A66AC}
		{1925F6D8-D9AF-450A-B25A-CA6BAB04B68A} = {E2100376-1C6D-438B-9977-7B149A0C32B0}
		{4DA6B4C7-43D4-48DB-B71D-860AF49D5017} = {71BA42F4-FB7B-40A5-B46F-50B8A58A66AC}
		{5FD17B3F-35DF-4847-B98F-27FB3BC83257} = {D470BF64-397E-4530-99C0-480EC533050E}
		{48FD1940-5783-417C-B05E-CB81165F63F1} = {71BA42F4-FB7B-40A5-B46F-50B8A58A66AC}
		{A4B2E6C8-DDD2-464C-8110-771A762CDF00} = {71BA42F4-FB7B-40A5-B46F-50B8A58A66AC}
		{4CB2E146-11E3-4012-BC2B-D62B2E19F743} = {15C5BF23-5ED6-442B-90CF-84F67EF9B8DB}
	EndGlobalSection
	GlobalSection(ExtensibilityGlobals) = postSolution
		SolutionGuid = {DCD8191C-3265-4F21-A781-8083540559E1}
	EndGlobalSection
EndGlobal
